
Microsoft Visual Studio Solution File, Format Version 12.00
# Visual Studio Version 17
VisualStudioVersion = 17.4.33205.214
MinimumVisualStudioVersion = 10.0.40219.1
Project("{FAE04EC0-301F-11D3-BF4B-00C04F79EFBC}") = "BuildSecureNorthwind", "BuildSecureNorthwind\BuildSecureNorthwind.csproj", "{79D125EB-FED7-4931-8F80-2B3344A5E211}"
EndProject
Global
	GlobalSection(SolutionConfigurationPlatforms) = preSolution
		Debug|Any CPU = Debug|Any CPU
		Release|Any CPU = Release|Any CPU
	EndGlobalSection
	GlobalSection(ProjectConfigurationPlatforms) = postSolution
		{79D125EB-FED7-4931-8F80-2B3344A5E211}.Debug|Any CPU.ActiveCfg = Debug|Any CPU
		{79D125EB-FED7-4931-8F80-2B3344A5E211}.Debug|Any CPU.Build.0 = Debug|Any CPU
		{79D125EB-FED7-4931-8F80-2B3344A5E211}.Release|Any CPU.ActiveCfg = Release|Any CPU
		{79D125EB-FED7-4931-8F80-2B3344A5E211}.Release|Any CPU.Build.0 = Release|Any CPU
	EndGlobalSection
	GlobalSection(SolutionProperties) = preSolution
		HideSolutionNode = FALSE
	EndGlobalSection
	GlobalSection(ExtensibilityGlobals) = postSolution
		SolutionGuid = {B42E4094-B5AA-4D13-A264-3818A1F00BB3}
	EndGlobalSection
EndGlobal
